github.com/danielgtaylor/huma/v2 v2.32.0 h1:ytU9ExG/axC434+soXxwNzv0uaxOb3cyCgjj8y3PmBE=
github.com/danielgtaylor/huma/v2 v2.32.0/go.mod h1:9BxJwkeoPPDEJ2Bg4yPwL1mM1rYpAwCAWFKoo723spk=
github.com/davecgh/go-spew v1.1.1/go.mod h1:J7Y8YcW2NihsgmVo/mv3lAwl/skON4iLHjSsI+c5H38=
github.com/huandu/go-assert v1.1.6/go.mod h1:JuIfbmYG9ykwvuxoJ3V8TB5QP+3+ajIA54Y44TmkMxs=
github.com/huandu/go-sqlbuilder v1.34.0 h1:m0l8JVVUfABCWOur3wldQ3X97WXuvvr/4UBACp7+f3s=
github.com/huandu/go-sqlbuilder v1.34.0/go.mod h1:mS0GAtrtW+XL6nM2/gXHRJax2RwSW1TraavWDFAc1JA=
github.com/huandu/xstrings v1.4.0/go.mod h1:y5/lhBue+AyNmUVz9RLU9xbLR0o4KIIExikq4ovT0aE=
github.com/huandu/xstrings v1.5.0 h1:2ag3IFq9ZDANvthTwTiqSSZLjDc+BedvHPAp5tJy2TI=
github.com/huandu/xstrings v1.5.0/go.mod h1:y5/lhBue+AyNmUVz9RLU9xbLR0o4KIIExikq4ovT0aE=
